
Microsoft Visual Studio Solution File, Format Version 12.00
# Visual Studio Version 17
VisualStudioVersion = 17.9.34723.18
MinimumVisualStudioVersion = 10.0.40219.1
Project("{FAE04EC0-301F-11D3-BF4B-00C04F79EFBC}") = "SignalRApi", "SignalRApi\SignalRApi.csproj", "{770F31FC-DB40-4459-B3A9-3335AC75D452}"
EndProject
Project("{FAE04EC0-301F-11D3-BF4B-00C04F79EFBC}") = "SignalRWebUI", "SignalRWebUI\SignalRWebUI.csproj", "{2C1F71BF-72AE-4F14-BF47-62689E0DFD1A}"
EndProject
Project("{FAE04EC0-301F-11D3-BF4B-00C04F79EFBC}") = "EntityLayer", "EntityLayer\EntityLayer.csproj", "{1E16F9B8-1048-4F45-B559-CA039D606A49}"
EndProject
Global
	GlobalSection(SolutionConfigurationPlatforms) = preSolution
		Debug|Any CPU = Debug|Any CPU
		Release|Any CPU = Release|Any CPU
	EndGlobalSection
	GlobalSection(ProjectConfigurationPlatforms) = postSolution
		{770F31FC-DB40-4459-B3A9-3335AC75D452}.Debug|Any CPU.ActiveCfg = Debug|Any CPU
		{770F31FC-DB40-4459-B3A9-3335AC75D452}.Debug|Any CPU.Build.0 = Debug|Any CPU
		{770F31FC-DB40-4459-B3A9-3335AC75D452}.Release|Any CPU.ActiveCfg = Release|Any CPU
		{770F31FC-DB40-4459-B3A9-3335AC75D452}.Release|Any CPU.Build.0 = Release|Any CPU
		{2C1F71BF-72AE-4F14-BF47-62689E0DFD1A}.Debug|Any CPU.ActiveCfg = Debug|Any CPU
		{2C1F71BF-72AE-4F14-BF47-62689E0DFD1A}.Debug|Any CPU.Build.0 = Debug|Any CPU
		{2C1F71BF-72AE-4F14-BF47-62689E0DFD1A}.Release|Any CPU.ActiveCfg = Release|Any CPU
		{2C1F71BF-72AE-4F14-BF47-62689E0DFD1A}.Release|Any CPU.Build.0 = Release|Any CPU
		{1E16F9B8-1048-4F45-B559-CA039D606A49}.Debug|Any CPU.ActiveCfg = Debug|Any CPU
		{1E16F9B8-1048-4F45-B559-CA039D606A49}.Debug|Any CPU.Build.0 = Debug|Any CPU
		{1E16F9B8-1048-4F45-B559-CA039D606A49}.Release|Any CPU.ActiveCfg = Release|Any CPU
		{1E16F9B8-1048-4F45-B559-CA039D606A49}.Release|Any CPU.Build.0 = Release|Any CPU
	EndGlobalSection
	GlobalSection(SolutionProperties) = preSolution
		HideSolutionNode = FALSE
	EndGlobalSection
	GlobalSection(ExtensibilityGlobals) = postSolution
		SolutionGuid = {1194FDE8-6C4B-4BC5-A1E1-CE095A2491E1}
	EndGlobalSection
EndGlobal
